
Microsoft Visual Studio Solution File, Format Version 12.00
# Visual Studio Version 17
VisualStudioVersion = 17.9.34723.18
MinimumVisualStudioVersion = 10.0.40219.1
Project("{FAE04EC0-301F-11D3-BF4B-00C04F79EFBC}") = "TitleBlockProcessor", "TitleBlockProcessor\TitleBlockProcessor.csproj", "{BA2CFF94-0053-4468-8839-D1BBB4EFDBF0}"
EndProject
Global
	GlobalSection(SolutionConfigurationPlatforms) = preSolution
		Debug R20|Any CPU = Debug R20|Any CPU
		Debug R21|Any CPU = Debug R21|Any CPU
		Debug R22|Any CPU = Debug R22|Any CPU
		Debug R23|Any CPU = Debug R23|Any CPU
		Debug R24|Any CPU = Debug R24|Any CPU
		Debug R25|Any CPU = Debug R25|Any CPU
		Release R20|Any CPU = Release R20|Any CPU
		Release R21|Any CPU = Release R21|Any CPU
		Release R22|Any CPU = Release R22|Any CPU
		Release R23|Any CPU = Release R23|Any CPU
		Release R24|Any CPU = Release R24|Any CPU
		Release R25|Any CPU = Release R25|Any CPU
	EndGlobalSection
	GlobalSection(ProjectConfigurationPlatforms) = postSolution
		{BA2CFF94-0053-4468-8839-D1BBB4EFDBF0}.Debug R20|Any CPU.ActiveCfg = Debug R20|Any CPU
		{BA2CFF94-0053-4468-8839-D1BBB4EFDBF0}.Debug R20|Any CPU.Build.0 = Debug R20|Any CPU
		{BA2CFF94-0053-4468-8839-D1BBB4EFDBF0}.Debug R21|Any CPU.ActiveCfg = Debug R21|Any CPU
		{BA2CFF94-0053-4468-8839-D1BBB4EFDBF0}.Debug R21|Any CPU.Build.0 = Debug R21|Any CPU
		{BA2CFF94-0053-4468-8839-D1BBB4EFDBF0}.Debug R22|Any CPU.ActiveCfg = Debug R22|Any CPU
		{BA2CFF94-0053-4468-8839-D1BBB4EFDBF0}.Debug R22|Any CPU.Build.0 = Debug R22|Any CPU
		{BA2CFF94-0053-4468-8839-D1BBB4EFDBF0}.Debug R23|Any CPU.ActiveCfg = Debug R23|Any CPU
		{BA2CFF94-0053-4468-8839-D1BBB4EFDBF0}.Debug R23|Any CPU.Build.0 = Debug R23|Any CPU
		{BA2CFF94-0053-4468-8839-D1BBB4EFDBF0}.Debug R24|Any CPU.ActiveCfg = Debug R24|Any CPU
		{BA2CFF94-0053-4468-8839-D1BBB4EFDBF0}.Debug R24|Any CPU.Build.0 = Debug R24|Any CPU
		{BA2CFF94-0053-4468-8839-D1BBB4EFDBF0}.Debug R25|Any CPU.ActiveCfg = Debug R25|Any CPU
		{BA2CFF94-0053-4468-8839-D1BBB4EFDBF0}.Debug R25|Any CPU.Build.0 = Debug R25|Any CPU
		{BA2CFF94-0053-4468-8839-D1BBB4EFDBF0}.Release R20|Any CPU.ActiveCfg = Release R20|Any CPU
		{BA2CFF94-0053-4468-8839-D1BBB4EFDBF0}.Release R20|Any CPU.Build.0 = Release R20|Any CPU
		{BA2CFF94-0053-4468-8839-D1BBB4EFDBF0}.Release R21|Any CPU.ActiveCfg = Release R21|Any CPU
		{BA2CFF94-0053-4468-8839-D1BBB4EFDBF0}.Release R21|Any CPU.Build.0 = Release R21|Any CPU
		{BA2CFF94-0053-4468-8839-D1BBB4EFDBF0}.Release R22|Any CPU.ActiveCfg = Release R22|Any CPU
		{BA2CFF94-0053-4468-8839-D1BBB4EFDBF0}.Release R22|Any CPU.Build.0 = Release R22|Any CPU
		{BA2CFF94-0053-4468-8839-D1BBB4EFDBF0}.Release R23|Any CPU.ActiveCfg = Release R23|Any CPU
		{BA2CFF94-0053-4468-8839-D1BBB4EFDBF0}.Release R23|Any CPU.Build.0 = Release R23|Any CPU
		{BA2CFF94-0053-4468-8839-D1BBB4EFDBF0}.Release R24|Any CPU.ActiveCfg = Release R24|Any CPU
		{BA2CFF94-0053-4468-8839-D1BBB4EFDBF0}.Release R24|Any CPU.Build.0 = Release R24|Any CPU
		{BA2CFF94-0053-4468-8839-D1BBB4EFDBF0}.Release R25|Any CPU.ActiveCfg = Release R25|Any CPU
		{BA2CFF94-0053-4468-8839-D1BBB4EFDBF0}.Release R25|Any CPU.Build.0 = Release R25|Any CPU
	EndGlobalSection
	GlobalSection(SolutionProperties) = preSolution
		HideSolutionNode = FALSE
	EndGlobalSection
	GlobalSection(ExtensibilityGlobals) = postSolution
		SolutionGuid = {8ED8931A-9167-4D94-AC56-FE6D6FB726DF}
	EndGlobalSection
EndGlobal
